
Microsoft Visual Studio Solution File, Format Version 12.00
# Visual Studio Version 17
VisualStudioVersion = 17.0.31903.59
MinimumVisualStudioVersion = 10.0.40219.1
Project("{2150E333-8FDC-42A3-9474-1A3956D46DE8}") = "src", "src", "{827E0CD3-B72D-47B6-A68D-7590B98EB39B}"
EndProject
Project("{FAE04EC0-301F-11D3-BF4B-00C04F79EFBC}") = "DriveTrack.Domain", "src\DriveTrack.Domain\DriveTrack.Domain.csproj", "{7E092C51-0FBD-4759-A9E4-BBB1F8BD4EF5}"
EndProject
Project("{FAE04EC0-301F-11D3-BF4B-00C04F79EFBC}") = "DriveTrack.Application", "src\DriveTrack.Application\DriveTrack.Application.csproj", "{5FE1AFEF-C555-4282-A27C-42FABDFAA8E5}"
EndProject
Project("{FAE04EC0-301F-11D3-BF4B-00C04F79EFBC}") = "DriveTrack.Infrastructure", "src\DriveTrack.Infrastructure\DriveTrack.Infrastructure.csproj", "{DC7BF967-47B8-4DE6-8DD8-79625915FB86}"
EndProject
Project("{FAE04EC0-301F-11D3-BF4B-00C04F79EFBC}") = "DriveTrack.Web", "src\DriveTrack.Web\DriveTrack.Web.csproj", "{4A289DE4-4087-4692-B190-AE084B6E89D8}"
EndProject
Project("{2150E333-8FDC-42A3-9474-1A3956D46DE8}") = "tests", "tests", "{0AB3BF05-4346-4AA6-1389-037BE0695223}"
EndProject
Project("{FAE04EC0-301F-11D3-BF4B-00C04F79EFBC}") = "DriveTrack.Integration.Tests", "tests\DriveTrack.Integration.Tests\DriveTrack.Integration.Tests.csproj", "{049FB2E9-5513-4066-9410-63A3EFA81BD9}"
EndProject
Project("{FAE04EC0-301F-11D3-BF4B-00C04F79EFBC}") = "DriveTrack.Application.Tests", "tests\DriveTrack.Application.Tests\DriveTrack.Application.Tests.csproj", "{E4415F58-F081-4F39-9E8D-CC3C5A3E63D0}"
EndProject
Global
	GlobalSection(SolutionConfigurationPlatforms) = preSolution
		Debug|Any CPU = Debug|Any CPU
		Debug|x64 = Debug|x64
		Debug|x86 = Debug|x86
		Release|Any CPU = Release|Any CPU
		Release|x64 = Release|x64
		Release|x86 = Release|x86
	EndGlobalSection
	GlobalSection(ProjectConfigurationPlatforms) = postSolution
		{7E092C51-0FBD-4759-A9E4-BBB1F8BD4EF5}.Debug|Any CPU.ActiveCfg = Debug|Any CPU
		{7E092C51-0FBD-4759-A9E4-BBB1F8BD4EF5}.Debug|Any CPU.Build.0 = Debug|Any CPU
		{7E092C51-0FBD-4759-A9E4-BBB1F8BD4EF5}.Debug|x64.ActiveCfg = Debug|Any CPU
		{7E092C51-0FBD-4759-A9E4-BBB1F8BD4EF5}.Debug|x64.Build.0 = Debug|Any CPU
		{7E092C51-0FBD-4759-A9E4-BBB1F8BD4EF5}.Debug|x86.ActiveCfg = Debug|Any CPU
		{7E092C51-0FBD-4759-A9E4-BBB1F8BD4EF5}.Debug|x86.Build.0 = Debug|Any CPU
		{7E092C51-0FBD-4759-A9E4-BBB1F8BD4EF5}.Release|Any CPU.ActiveCfg = Release|Any CPU
		{7E092C51-0FBD-4759-A9E4-BBB1F8BD4EF5}.Release|Any CPU.Build.0 = Release|Any CPU
		{7E092C51-0FBD-4759-A9E4-BBB1F8BD4EF5}.Release|x64.ActiveCfg = Release|Any CPU
		{7E092C51-0FBD-4759-A9E4-BBB1F8BD4EF5}.Release|x64.Build.0 = Release|Any CPU
		{7E092C51-0FBD-4759-A9E4-BBB1F8BD4EF5}.Release|x86.ActiveCfg = Release|Any CPU
		{7E092C51-0FBD-4759-A9E4-BBB1F8BD4EF5}.Release|x86.Build.0 = Release|Any CPU
		{5FE1AFEF-C555-4282-A27C-42FABDFAA8E5}.Debug|Any CPU.ActiveCfg = Debug|Any CPU
		{5FE1AFEF-C555-4282-A27C-42FABDFAA8E5}.Debug|Any CPU.Build.0 = Debug|Any CPU
		{5FE1AFEF-C555-4282-A27C-42FABDFAA8E5}.Debug|x64.ActiveCfg = Debug|Any CPU
		{5FE1AFEF-C555-4282-A27C-42FABDFAA8E5}.Debug|x64.Build.0 = Debug|Any CPU
		{5FE1AFEF-C555-4282-A27C-42FABDFAA8E5}.Debug|x86.ActiveCfg = Debug|Any CPU
		{5FE1AFEF-C555-4282-A27C-42FABDFAA8E5}.Debug|x86.Build.0 = Debug|Any CPU
		{5FE1AFEF-C555-4282-A27C-42FABDFAA8E5}.Release|Any CPU.ActiveCfg = Release|Any CPU
		{5FE1AFEF-C555-4282-A27C-42FABDFAA8E5}.Release|Any CPU.Build.0 = Release|Any CPU
		{5FE1AFEF-C555-4282-A27C-42FABDFAA8E5}.Release|x64.ActiveCfg = Release|Any CPU
		{5FE1AFEF-C555-4282-A27C-42FABDFAA8E5}.Release|x64.Build.0 = Release|Any CPU
		{5FE1AFEF-C555-4282-A27C-42FABDFAA8E5}.Release|x86.ActiveCfg = Release|Any CPU
		{5FE1AFEF-C555-4282-A27C-42FABDFAA8E5}.Release|x86.Build.0 = Release|Any CPU
		{DC7BF967-47B8-4DE6-8DD8-79625915FB86}.Debug|Any CPU.ActiveCfg = Debug|Any CPU
		{DC7BF967-47B8-4DE6-8DD8-79625915FB86}.Debug|Any CPU.Build.0 = Debug|Any CPU
		{DC7BF967-47B8-4DE6-8DD8-79625915FB86}.Debug|x64.ActiveCfg = Debug|Any CPU
		{DC7BF967-47B8-4DE6-8DD8-79625915FB86}.Debug|x64.Build.0 = Debug|Any CPU
		{DC7BF967-47B8-4DE6-8DD8-79625915FB86}.Debug|x86.ActiveCfg = Debug|Any CPU
		{DC7BF967-47B8-4DE6-8DD8-79625915FB86}.Debug|x86.Build.0 = Debug|Any CPU
		{DC7BF967-47B8-4DE6-8DD8-79625915FB86}.Release|Any CPU.ActiveCfg = Release|Any CPU
		{DC7BF967-47B8-4DE6-8DD8-79625915FB86}.Release|Any CPU.Build.0 = Release|Any CPU
		{DC7BF967-47B8-4DE6-8DD8-79625915FB86}.Release|x64.ActiveCfg = Release|Any CPU
		{DC7BF967-47B8-4DE6-8DD8-79625915FB86}.Release|x64.Build.0 = Release|Any CPU
		{DC7BF967-47B8-4DE6-8DD8-79625915FB86}.Release|x86.ActiveCfg = Release|Any CPU
		{DC7BF967-47B8-4DE6-8DD8-79625915FB86}.Release|x86.Build.0 = Release|Any CPU
		{4A289DE4-4087-4692-B190-AE084B6E89D8}.Debug|Any CPU.ActiveCfg = Debug|Any CPU
		{4A289DE4-4087-4692-B190-AE084B6E89D8}.Debug|Any CPU.Build.0 = Debug|Any CPU
		{4A289DE4-4087-4692-B190-AE084B6E89D8}.Debug|x64.ActiveCfg = Debug|Any CPU
		{4A289DE4-4087-4692-B190-AE084B6E89D8}.Debug|x64.Build.0 = Debug|Any CPU
		{4A289DE4-4087-4692-B190-AE084B6E89D8}.Debug|x86.ActiveCfg = Debug|Any CPU
		{4A289DE4-4087-4692-B190-AE084B6E89D8}.Debug|x86.Build.0 = Debug|Any CPU
		{4A289DE4-4087-4692-B190-AE084B6E89D8}.Release|Any CPU.ActiveCfg = Release|Any CPU
		{4A289DE4-4087-4692-B190-AE084B6E89D8}.Release|Any CPU.Build.0 = Release|Any CPU
		{4A289DE4-4087-4692-B190-AE084B6E89D8}.Release|x64.ActiveCfg = Release|Any CPU
		{4A289DE4-4087-4692-B190-AE084B6E89D8}.Release|x64.Build.0 = Release|Any CPU
		{4A289DE4-4087-4692-B190-AE084B6E89D8}.Release|x86.ActiveCfg = Release|Any CPU
		{4A289DE4-4087-4692-B190-AE084B6E89D8}.Release|x86.Build.0 = Release|Any CPU
		{049FB2E9-5513-4066-9410-63A3EFA81BD9}.Debug|Any CPU.ActiveCfg = Debug|Any CPU
		{049FB2E9-5513-4066-9410-63A3EFA81BD9}.Debug|Any CPU.Build.0 = Debug|Any CPU
		{049FB2E9-5513-4066-9410-63A3EFA81BD9}.Debug|x64.ActiveCfg = Debug|Any CPU
		{049FB2E9-5513-4066-9410-63A3EFA81BD9}.Debug|x64.Build.0 = Debug|Any CPU
		{049FB2E9-5513-4066-9410-63A3EFA81BD9}.Debug|x86.ActiveCfg = Debug|Any CPU
		{049FB2E9-5513-4066-9410-63A3EFA81BD9}.Debug|x86.Build.0 = Debug|Any CPU
		{049FB2E9-5513-4066-9410-63A3EFA81BD9}.Release|Any CPU.ActiveCfg = Release|Any CPU
		{049FB2E9-5513-4066-9410-63A3EFA81BD9}.Release|Any CPU.Build.0 = Release|Any CPU
		{049FB2E9-5513-4066-9410-63A3EFA81BD9}.Release|x64.ActiveCfg = Release|Any CPU
		{049FB2E9-5513-4066-9410-63A3EFA81BD9}.Release|x64.Build.0 = Release|Any CPU
		{049FB2E9-5513-4066-9410-63A3EFA81BD9}.Release|x86.ActiveCfg = Release|Any CPU
		{049FB2E9-5513-4066-9410-63A3EFA81BD9}.Release|x86.Build.0 = Release|Any CPU
		{E4415F58-F081-4F39-9E8D-CC3C5A3E63D0}.Debug|Any CPU.ActiveCfg = Debug|Any CPU
		{E4415F58-F081-4F39-9E8D-CC3C5A3E63D0}.Debug|Any CPU.Build.0 = Debug|Any CPU
		{E4415F58-F081-4F39-9E8D-CC3C5A3E63D0}.Debug|x64.ActiveCfg = Debug|Any CPU
		{E4415F58-F081-4F39-9E8D-CC3C5A3E63D0}.Debug|x64.Build.0 = Debug|Any CPU
		{E4415F58-F081-4F39-9E8D-CC3C5A3E63D0}.Debug|x86.ActiveCfg = Debug|Any CPU
		{E4415F58-F081-4F39-9E8D-CC3C5A3E63D0}.Debug|x86.Build.0 = Debug|Any CPU
		{E4415F58-F081-4F39-9E8D-CC3C5A3E63D0}.Release|Any CPU.ActiveCfg = Release|Any CPU
		{E4415F58-F081-4F39-9E8D-CC3C5A3E63D0}.Release|Any CPU.Build.0 = Release|Any CPU
		{E4415F58-F081-4F39-9E8D-CC3C5A3E63D0}.Release|x64.ActiveCfg = Release|Any CPU
		{E4415F58-F081-4F39-9E8D-CC3C5A3E63D0}.Release|x64.Build.0 = Release|Any CPU
		{E4415F58-F081-4F39-9E8D-CC3C5A3E63D0}.Release|x86.ActiveCfg = Release|Any CPU
		{E4415F58-F081-4F39-9E8D-CC3C5A3E63D0}.Release|x86.Build.0 = Release|Any CPU
	EndGlobalSection
	GlobalSection(SolutionProperties) = preSolution
		HideSolutionNode = FALSE
	EndGlobalSection
	GlobalSection(NestedProjects) = preSolution
		{7E092C51-0FBD-4759-A9E4-BBB1F8BD4EF5} = {827E0CD3-B72D-47B6-A68D-7590B98EB39B}
		{5FE1AFEF-C555-4282-A27C-42FABDFAA8E5} = {827E0CD3-B72D-47B6-A68D-7590B98EB39B}
		{DC7BF967-47B8-4DE6-8DD8-79625915FB86} = {827E0CD3-B72D-47B6-A68D-7590B98EB39B}
		{4A289DE4-4087-4692-B190-AE084B6E89D8} = {827E0CD3-B72D-47B6-A68D-7590B98EB39B}
		{049FB2E9-5513-4066-9410-63A3EFA81BD9} = {0AB3BF05-4346-4AA6-1389-037BE0695223}
		{E4415F58-F081-4F39-9E8D-CC3C5A3E63D0} = {0AB3BF05-4346-4AA6-1389-037BE0695223}
	EndGlobalSection
EndGlobal
